// !$*UTF8*$!
{
	archiveVersion = 1;
	classes = {
	};
	objectVersion = 56;
	objects = {

/* Begin PBXBuildFile section */
		DBA63C682A6E35900042DDEE /* iOSDemoApp.swift in Sources */ = {isa = PBXBuildFile; fileRef = DBA63C672A6E35900042DDEE /* iOSDemoApp.swift */; };
		DBA63C6A2A6E35900042DDEE /* ContentView.swift in Sources */ = {isa = PBXBuildFile; fileRef = DBA63C692A6E35900042DDEE /* ContentView.swift */; };
		DBA63C6C2A6E35930042DDEE /* Assets.xcassets in Resources */ = {isa = PBXBuildFile; fileRef = DBA63C6B2A6E35930042DDEE /* Assets.xcassets */; };
		DBA63C6F2A6E35930042DDEE /* Preview Assets.xcassets in Resources */ = {isa = PBXBuildFile; fileRef = DBA63C6E2A6E35930042DDEE /* Preview Assets.xcassets */; };
		DBA63C792A6E35930042DDEE /* iOSDemoTests.swift in Sources */ = {isa = PBXBuildFile; fileRef = DBA63C782A6E35930042DDEE /* iOSDemoTests.swift */; };
		DBA63C832A6E35930042DDEE /* iOSDemoUITests.swift in Sources */ = {isa = PBXBuildFile; fileRef = DBA63C822A6E35930042DDEE /* iOSDemoUITests.swift */; };
		DBA63C852A6E35930042DDEE /* iOSDemoUITestsLaunchTests.swift in Sources */ = {isa = PBXBuildFile; fileRef = DBA63C842A6E35930042DDEE /* iOSDemoUITestsLaunchTests.swift */; };
		DBA63CD82A7114910042DDEE /* matrixmult.swift in Sources */ = {isa = PBXBuildFile; fileRef = DBA63CD72A7114910042DDEE /* matrixmult.swift */; };
/* End PBXBuildFile section */

/* Begin PBXContainerItemProxy section */
		DBA63C752A6E35930042DDEE /* PBXContainerItemProxy */ = {
			isa = PBXContainerItemProxy;
			containerPortal = DBA63C5C2A6E35900042DDEE /* Project object */;
			proxyType = 1;
			remoteGlobalIDString = DBA63C632A6E35900042DDEE;
			remoteInfo = iOSDemo;
		};
		DBA63C7F2A6E35930042DDEE /* PBXContainerItemProxy */ = {
			isa = PBXContainerItemProxy;
			containerPortal = DBA63C5C2A6E35900042DDEE /* Project object */;
			proxyType = 1;
			remoteGlobalIDString = DBA63C632A6E35900042DDEE;
			remoteInfo = iOSDemo;
		};
/* End PBXContainerItemProxy section */

/* Begin PBXFileReference section */
		DBA63C642A6E35900042DDEE /* iOSDemo.app */ = {isa = PBXFileReference; explicitFileType = wrapper.application; includeInIndex = 0; path = iOSDemo.app; sourceTree = BUILT_PRODUCTS_DIR; };
		DBA63C672A6E35900042DDEE /* iOSDemoApp.swift */ = {isa = PBXFileReference; lastKnownFileType = sourcecode.swift; path = iOSDemoApp.swift; sourceTree = "<group>"; };
		DBA63C692A6E35900042DDEE /* ContentView.swift */ = {isa = PBXFileReference; lastKnownFileType = sourcecode.swift; path = ContentView.swift; sourceTree = "<group>"; };
		DBA63C6B2A6E35930042DDEE /* Assets.xcassets */ = {isa = PBXFileReference; lastKnownFileType = folder.assetcatalog; path = Assets.xcassets; sourceTree = "<group>"; };
		DBA63C6E2A6E35930042DDEE /* Preview Assets.xcassets */ = {isa = PBXFileReference; lastKnownFileType = folder.assetcatalog; path = "Preview Assets.xcassets"; sourceTree = "<group>"; };
		DBA63C742A6E35930042DDEE /* iOSDemoTests.xctest */ = {isa = PBXFileReference; explicitFileType = wrapper.cfbundle; includeInIndex = 0; path = iOSDemoTests.xctest; sourceTree = BUILT_PRODUCTS_DIR; };
		DBA63C782A6E35930042DDEE /* iOSDemoTests.swift */ = {isa = PBXFileReference; lastKnownFileType = sourcecode.swift; path = iOSDemoTests.swift; sourceTree = "<group>"; };
		DBA63C7E2A6E35930042DDEE /* iOSDemoUITests.xctest */ = {isa = PBXFileReference; explicitFileType = wrapper.cfbundle; includeInIndex = 0; path = iOSDemoUITests.xctest; sourceTree = BUILT_PRODUCTS_DIR; };
		DBA63C822A6E35930042DDEE /* iOSDemoUITests.swift */ = {isa = PBXFileReference; lastKnownFileType = sourcecode.swift; path = iOSDemoUITests.swift; sourceTree = "<group>"; };
		DBA63C842A6E35930042DDEE /* iOSDemoUITestsLaunchTests.swift */ = {isa = PBXFileReference; lastKnownFileType = sourcecode.swift; path = iOSDemoUITestsLaunchTests.swift; sourceTree = "<group>"; };
		DBA63CD72A7114910042DDEE /* matrixmult.swift */ = {isa = PBXFileReference; lastKnownFileType = sourcecode.swift; path = matrixmult.swift; sourceTree = "<group>"; };
/* End PBXFileReference section */

/* Begin PBXFrameworksBuildPhase section */
		DBA63C612A6E35900042DDEE /* Frameworks */ = {
			isa = PBXFrameworksBuildPhase;
			buildActionMask = 2147483647;
			files = (
			);
			runOnlyForDeploymentPostprocessing = 0;
		};
		DBA63C712A6E35930042DDEE /* Frameworks */ = {
			isa = PBXFrameworksBuildPhase;
			buildActionMask = 2147483647;
			files = (
			);
			runOnlyForDeploymentPostprocessing = 0;
		};
		DBA63C7B2A6E35930042DDEE /* Frameworks */ = {
			isa = PBXFrameworksBuildPhase;
			buildActionMask = 2147483647;
			files = (
			);
			runOnlyForDeploymentPostprocessing = 0;
		};
/* End PBXFrameworksBuildPhase section */

/* Begin PBXGroup section */
		DBA63C5B2A6E35900042DDEE = {
			isa = PBXGroup;
			children = (
				DBA63C662A6E35900042DDEE /* iOSDemo */,
				DBA63C772A6E35930042DDEE /* iOSDemoTests */,
				DBA63C812A6E35930042DDEE /* iOSDemoUITests */,
				DBA63C652A6E35900042DDEE /* Products */,
			);
			sourceTree = "<group>";
		};
		DBA63C652A6E35900042DDEE /* Products */ = {
			isa = PBXGroup;
			children = (
				DBA63C642A6E35900042DDEE /* iOSDemo.app */,
				DBA63C742A6E35930042DDEE /* iOSDemoTests.xctest */,
				DBA63C7E2A6E35930042DDEE /* iOSDemoUITests.xctest */,
			);
			name = Products;
			sourceTree = "<group>";
		};
		DBA63C662A6E35900042DDEE /* iOSDemo */ = {
			isa = PBXGroup;
			children = (
				DBA63C672A6E35900042DDEE /* iOSDemoApp.swift */,
				DBA63C692A6E35900042DDEE /* ContentView.swift */,
				DBA63C6B2A6E35930042DDEE /* Assets.xcassets */,
				DBA63C6D2A6E35930042DDEE /* Preview Content */,
				DBA63CD72A7114910042DDEE /* matrixmult.swift */,
			);
			path = iOSDemo;
			sourceTree = "<group>";
		};
		DBA63C6D2A6E35930042DDEE /* Preview Content */ = {
			isa = PBXGroup;
			children = (
				DBA63C6E2A6E35930042DDEE /* Preview Assets.xcassets */,
			);
			path = "Preview Content";
			sourceTree = "<group>";
		};
		DBA63C772A6E35930042DDEE /* iOSDemoTests */ = {
			isa = PBXGroup;
			children = (
				DBA63C782A6E35930042DDEE /* iOSDemoTests.swift */,
			);
			path = iOSDemoTests;
			sourceTree = "<group>";
		};
		DBA63C812A6E35930042DDEE /* iOSDemoUITests */ = {
			isa = PBXGroup;
			children = (
				DBA63C822A6E35930042DDEE /* iOSDemoUITests.swift */,
				DBA63C842A6E35930042DDEE /* iOSDemoUITestsLaunchTests.swift */,
			);
			path = iOSDemoUITests;
			sourceTree = "<group>";
		};
/* End PBXGroup section */

/* Begin PBXNativeTarget section */
		DBA63C632A6E35900042DDEE /* iOSDemo */ = {
			isa = PBXNativeTarget;
			buildConfigurationList = DBA63C882A6E35930042DDEE /* Build configuration list for PBXNativeTarget "iOSDemo" */;
			buildPhases = (
				DBA63C602A6E35900042DDEE /* Sources */,
				DBA63C612A6E35900042DDEE /* Frameworks */,
				DBA63C622A6E35900042DDEE /* Resources */,
			);
			buildRules = (
			);
			dependencies = (
			);
			name = iOSDemo;
			productName = iOSDemo;
			productReference = DBA63C642A6E35900042DDEE /* iOSDemo.app */;
			productType = "com.apple.product-type.application";
		};
		DBA63C732A6E35930042DDEE /* iOSDemoTests */ = {
			isa = PBXNativeTarget;
			buildConfigurationList = DBA63C8B2A6E35930042DDEE /* Build configuration list for PBXNativeTarget "iOSDemoTests" */;
			buildPhases = (
				DBA63C702A6E35930042DDEE /* Sources */,
				DBA63C712A6E35930042DDEE /* Frameworks */,
				DBA63C722A6E35930042DDEE /* Resources */,
			);
			buildRules = (
			);
			dependencies = (
				DBA63C762A6E35930042DDEE /* PBXTargetDependency */,
			);
			name = iOSDemoTests;
			productName = iOSDemoTests;
			productReference = DBA63C742A6E35930042DDEE /* iOSDemoTests.xctest */;
			productType = "com.apple.product-type.bundle.unit-test";
		};
		DBA63C7D2A6E35930042DDEE /* iOSDemoUITests */ = {
			isa = PBXNativeTarget;
			buildConfigurationList = DBA63C8E2A6E35930042DDEE /* Build configuration list for PBXNativeTarget "iOSDemoUITests" */;
			buildPhases = (
				DBA63C7A2A6E35930042DDEE /* Sources */,
				DBA63C7B2A6E35930042DDEE /* Frameworks */,
				DBA63C7C2A6E35930042DDEE /* Resources */,
			);
			buildRules = (
			);
			dependencies = (
				DBA63C802A6E35930042DDEE /* PBXTargetDependency */,
			);
			name = iOSDemoUITests;
			productName = iOSDemoUITests;
			productReference = DBA63C7E2A6E35930042DDEE /* iOSDemoUITests.xctest */;
			productType = "com.apple.product-type.bundle.ui-testing";
		};
/* End PBXNativeTarget section */

/* Begin PBXProject section */
		DBA63C5C2A6E35900042DDEE /* Project object */ = {
			isa = PBXProject;
			attributes = {
				BuildIndependentTargetsInParallel = 1;
				LastSwiftUpdateCheck = 1430;
				LastUpgradeCheck = 1430;
				TargetAttributes = {
					DBA63C632A6E35900042DDEE = {
						CreatedOnToolsVersion = 14.3.1;
					};
					DBA63C732A6E35930042DDEE = {
						CreatedOnToolsVersion = 14.3.1;
						TestTargetID = DBA63C632A6E35900042DDEE;
					};
					DBA63C7D2A6E35930042DDEE = {
						CreatedOnToolsVersion = 14.3.1;
						TestTargetID = DBA63C632A6E35900042DDEE;
					};
				};
			};
			buildConfigurationList = DBA63C5F2A6E35900042DDEE /* Build configuration list for PBXProject "iOSDemo" */;
			compatibilityVersion = "Xcode 14.0";
			developmentRegion = en;
			hasScannedForEncodings = 0;
			knownRegions = (
				en,
				Base,
			);
			mainGroup = DBA63C5B2A6E35900042DDEE;
			productRefGroup = DBA63C652A6E35900042DDEE /* Products */;
			projectDirPath = "";
			projectRoot = "";
			targets = (
				DBA63C632A6E35900042DDEE /* iOSDemo */,
				DBA63C732A6E35930042DDEE /* iOSDemoTests */,
				DBA63C7D2A6E35930042DDEE /* iOSDemoUITests */,
			);
		};
/* End PBXProject section */

/* Begin PBXResourcesBuildPhase section */
		DBA63C622A6E35900042DDEE /* Resources */ = {
			isa = PBXResourcesBuildPhase;
			buildActionMask = 2147483647;
			files = (
				DBA63C6F2A6E35930042DDEE /* Preview Assets.xcassets in Resources */,
				DBA63C6C2A6E35930042DDEE /* Assets.xcassets in Resources */,
			);
			runOnlyForDeploymentPostprocessing = 0;
		};
		DBA63C722A6E35930042DDEE /* Resources */ = {
			isa = PBXResourcesBuildPhase;
			buildActionMask = 2147483647;
			files = (
			);
			runOnlyForDeploymentPostprocessing = 0;
		};
		DBA63C7C2A6E35930042DDEE /* Resources */ = {
			isa = PBXResourcesBuildPhase;
			buildActionMask = 2147483647;
			files = (
			);
			runOnlyForDeploymentPostprocessing = 0;
		};
/* End PBXResourcesBuildPhase section */

/* Begin PBXSourcesBuildPhase section */
		DBA63C602A6E35900042DDEE /* Sources */ = {
			isa = PBXSourcesBuildPhase;
			buildActionMask = 2147483647;
			files = (
				DBA63C6A2A6E35900042DDEE /* ContentView.swift in Sources */,
				DBA63CD82A7114910042DDEE /* matrixmult.swift in Sources */,
				DBA63C682A6E35900042DDEE /* iOSDemoApp.swift in Sources */,
			);
			runOnlyForDeploymentPostprocessing = 0;
		};
		DBA63C702A6E35930042DDEE /* Sources */ = {
			isa = PBXSourcesBuildPhase;
			buildActionMask = 2147483647;
			files = (
				DBA63C792A6E35930042DDEE /* iOSDemoTests.swift in Sources */,
			);
			runOnlyForDeploymentPostprocessing = 0;
		};
		DBA63C7A2A6E35930042DDEE /* Sources */ = {
			isa = PBXSourcesBuildPhase;
			buildActionMask = 2147483647;
			files = (
				DBA63C832A6E35930042DDEE /* iOSDemoUITests.swift in Sources */,
				DBA63C852A6E35930042DDEE /* iOSDemoUITestsLaunchTests.swift in Sources */,
			);
			runOnlyForDeploymentPostprocessing = 0;
		};
/* End PBXSourcesBuildPhase section */

/* Begin PBXTargetDependency section */
		DBA63C762A6E35930042DDEE /* PBXTargetDependency */ = {
			isa = PBXTargetDependency;
			target = DBA63C632A6E35900042DDEE /* iOSDemo */;
			targetProxy = DBA63C752A6E35930042DDEE /* PBXContainerItemProxy */;
		};
		DBA63C802A6E35930042DDEE /* PBXTargetDependency */ = {
			isa = PBXTargetDependency;
			target = DBA63C632A6E35900042DDEE /* iOSDemo */;
			targetProxy = DBA63C7F2A6E35930042DDEE /* PBXContainerItemProxy */;
		};
/* End PBXTargetDependency section */

/* Begin XCBuildConfiguration section */
		DBA63C862A6E35930042DDEE /* Debug */ = {
			isa = XCBuildConfiguration;
			buildSettings = {
				ALWAYS_SEARCH_USER_PATHS = NO;
				CLANG_ANALYZER_NONNULL = YES;
				CLANG_ANALYZER_NUMBER_OBJECT_CONVERSION = YES_AGGRESSIVE;
				CLANG_CXX_LANGUAGE_STANDARD = "gnu++20";
				CLANG_ENABLE_MODULES = YES;
				CLANG_ENABLE_OBJC_ARC = YES;
				CLANG_ENABLE_OBJC_WEAK = YES;
				CLANG_WARN_BLOCK_CAPTURE_AUTORELEASING = YES;
				CLANG_WARN_BOOL_CONVERSION = YES;
				CLANG_WARN_COMMA = YES;
				CLANG_WARN_CONSTANT_CONVERSION = YES;
				CLANG_WARN_DEPRECATED_OBJC_IMPLEMENTATIONS = YES;
				CLANG_WARN_DIRECT_OBJC_ISA_USAGE = YES_ERROR;
				CLANG_WARN_DOCUMENTATION_COMMENTS = YES;
				CLANG_WARN_EMPTY_BODY = YES;
				CLANG_WARN_ENUM_CONVERSION = YES;
				CLANG_WARN_INFINITE_RECURSION = YES;
				CLANG_WARN_INT_CONVERSION = YES;
				CLANG_WARN_NON_LITERAL_NULL_CONVERSION = YES;
				CLANG_WARN_OBJC_IMPLICIT_RETAIN_SELF = YES;
				CLANG_WARN_OBJC_LITERAL_CONVERSION = YES;
				CLANG_WARN_OBJC_ROOT_CLASS = YES_ERROR;
				CLANG_WARN_QUOTED_INCLUDE_IN_FRAMEWORK_HEADER = YES;
				CLANG_WARN_RANGE_LOOP_ANALYSIS = YES;
				CLANG_WARN_STRICT_PROTOTYPES = YES;
				CLANG_WARN_SUSPICIOUS_MOVE = YES;
				CLANG_WARN_UNGUARDED_AVAILABILITY = YES_AGGRESSIVE;
				CLANG_WARN_UNREACHABLE_CODE = YES;
				CLANG_WARN__DUPLICATE_METHOD_MATCH = YES;
				COPY_PHASE_STRIP = NO;
				DEBUG_INFORMATION_FORMAT = dwarf;
				ENABLE_STRICT_OBJC_MSGSEND = YES;
				ENABLE_TESTABILITY = YES;
				GCC_C_LANGUAGE_STANDARD = gnu11;
				GCC_DYNAMIC_NO_PIC = NO;
				GCC_NO_COMMON_BLOCKS = YES;
				GCC_OPTIMIZATION_LEVEL = 0;
				GCC_PREPROCESSOR_DEFINITIONS = (
					"DEBUG=1",
					"$(inherited)",
				);
				GCC_WARN_64_TO_32_BIT_CONVERSION = YES;
				GCC_WARN_ABOUT_RETURN_TYPE = YES_ERROR;
				GCC_WARN_UNDECLARED_SELECTOR = YES;
				GCC_WARN_UNINITIALIZED_AUTOS = YES_AGGRESSIVE;
				GCC_WARN_UNUSED_FUNCTION = YES;
				GCC_WARN_UNUSED_VARIABLE = YES;
				IPHONEOS_DEPLOYMENT_TARGET = 16.4;
				MTL_ENABLE_DEBUG_INFO = INCLUDE_SOURCE;
				MTL_FAST_MATH = YES;
				ONLY_ACTIVE_ARCH = YES;
				SDKROOT = iphoneos;
				SWIFT_ACTIVE_COMPILATION_CONDITIONS = DEBUG;
				SWIFT_OPTIMIZATION_LEVEL = "-Onone";
			};
			name = Debug;
		};
		DBA63C872A6E35930042DDEE /* Release */ = {
			isa = XCBuildConfiguration;
			buildSettings = {
				ALWAYS_SEARCH_USER_PATHS = NO;
				CLANG_ANALYZER_NONNULL = YES;
				CLANG_ANALYZER_NUMBER_OBJECT_CONVERSION = YES_AGGRESSIVE;
				CLANG_CXX_LANGUAGE_STANDARD = "gnu++20";
				CLANG_ENABLE_MODULES = YES;
				CLANG_ENABLE_OBJC_ARC = YES;
				CLANG_ENABLE_OBJC_WEAK = YES;
				CLANG_WARN_BLOCK_CAPTURE_AUTORELEASING = YES;
				CLANG_WARN_BOOL_CONVERSION = YES;
				CLANG_WARN_COMMA = YES;
				CLANG_WARN_CONSTANT_CONVERSION = YES;
				CLANG_WARN_DEPRECATED_OBJC_IMPLEMENTATIONS = YES;
				CLANG_WARN_DIRECT_OBJC_ISA_USAGE = YES_ERROR;
				CLANG_WARN_DOCUMENTATION_COMMENTS = YES;
				CLANG_WARN_EMPTY_BODY = YES;
				CLANG_WARN_ENUM_CONVERSION = YES;
				CLANG_WARN_INFINITE_RECURSION = YES;
				CLANG_WARN_INT_CONVERSION = YES;
				CLANG_WARN_NON_LITERAL_NULL_CONVERSION = YES;
				CLANG_WARN_OBJC_IMPLICIT_RETAIN_SELF = YES;
				CLANG_WARN_OBJC_LITERAL_CONVERSION = YES;
				CLANG_WARN_OBJC_ROOT_CLASS = YES_ERROR;
				CLANG_WARN_QUOTED_INCLUDE_IN_FRAMEWORK_HEADER = YES;
				CLANG_WARN_RANGE_LOOP_ANALYSIS = YES;
				CLANG_WARN_STRICT_PROTOTYPES = YES;
				CLANG_WARN_SUSPICIOUS_MOVE = YES;
				CLANG_WARN_UNGUARDED_AVAILABILITY = YES_AGGRESSIVE;
				CLANG_WARN_UNREACHABLE_CODE = YES;
				CLANG_WARN__DUPLICATE_METHOD_MATCH = YES;
				COPY_PHASE_STRIP = NO;
				DEBUG_INFORMATION_FORMAT = "dwarf-with-dsym";
				ENABLE_NS_ASSERTIONS = NO;
				ENABLE_STRICT_OBJC_MSGSEND = YES;
				GCC_C_LANGUAGE_STANDARD = gnu11;
				GCC_NO_COMMON_BLOCKS = YES;
				GCC_WARN_64_TO_32_BIT_CONVERSION = YES;
				GCC_WARN_ABOUT_RETURN_TYPE = YES_ERROR;
				GCC_WARN_UNDECLARED_SELECTOR = YES;
				GCC_WARN_UNINITIALIZED_AUTOS = YES_AGGRESSIVE;
				GCC_WARN_UNUSED_FUNCTION = YES;
				GCC_WARN_UNUSED_VARIABLE = YES;
				IPHONEOS_DEPLOYMENT_TARGET = 16.4;
				MTL_ENABLE_DEBUG_INFO = NO;
				MTL_FAST_MATH = YES;
				SDKROOT = iphoneos;
				SWIFT_COMPILATION_MODE = wholemodule;
				SWIFT_OPTIMIZATION_LEVEL = "-O";
				VALIDATE_PRODUCT = YES;
			};
			name = Release;
		};
		DBA63C892A6E35930042DDEE /* Debug */ = {
			isa = XCBuildConfiguration;
			buildSettings = {
				ASSETCATALOG_COMPILER_APPICON_NAME = AppIcon;
				ASSETCATALOG_COMPILER_GLOBAL_ACCENT_COLOR_NAME = AccentColor;
				CODE_SIGN_STYLE = Automatic;
				CURRENT_PROJECT_VERSION = 1;
				DEVELOPMENT_ASSET_PATHS = "\"iOSDemo/Preview Content\"";
				DEVELOPMENT_TEAM = XU36428CS6;
				ENABLE_PREVIEWS = YES;
				GENERATE_INFOPLIST_FILE = YES;
				INFOPLIST_KEY_UIApplicationSceneManifest_Generation = YES;
				INFOPLIST_KEY_UIApplicationSupportsIndirectInputEvents = YES;
				INFOPLIST_KEY_UILaunchScreen_Generation = YES;
				INFOPLIST_KEY_UISupportedInterfaceOrientations_iPad = "UIInterfaceOrientationPortrait UIInterfaceOrientationPortraitUpsideDown UIInterfaceOrientationLandscapeLeft UIInterfaceOrientationLandscapeRight";
				INFOPLIST_KEY_UISupportedInterfaceOrientations_iPhone = "UIInterfaceOrientationPortrait UIInterfaceOrientationLandscapeLeft UIInterfaceOrientationLandscapeRight";
				IPHONEOS_DEPLOYMENT_TARGET = 14;
				LD_RUNPATH_SEARCH_PATHS = (
					"$(inherited)",
					"@executable_path/Frameworks",
				);
				MARKETING_VERSION = 1.0;
				PRODUCT_BUNDLE_IDENTIFIER = com.discovery.mobile.ahcgo;
				PRODUCT_NAME = "$(TARGET_NAME)";
				SWIFT_EMIT_LOC_STRINGS = YES;
				SWIFT_VERSION = 5.0;
				TARGETED_DEVICE_FAMILY = "1,2";
			};
			name = Debug;
		};
		DBA63C8A2A6E35930042DDEE /* Release */ = {
			isa = XCBuildConfiguration;
			buildSettings = {
				ASSETCATALOG_COMPILER_APPICON_NAME = AppIcon;
				ASSETCATALOG_COMPILER_GLOBAL_ACCENT_COLOR_NAME = AccentColor;
				CODE_SIGN_STYLE = Automatic;
				CURRENT_PROJECT_VERSION = 1;
				DEVELOPMENT_ASSET_PATHS = "\"iOSDemo/Preview Content\"";
				DEVELOPMENT_TEAM = XU36428CS6;
				ENABLE_PREVIEWS = YES;
				GENERATE_INFOPLIST_FILE = YES;
				INFOPLIST_KEY_UIApplicationSceneManifest_Generation = YES;
				INFOPLIST_KEY_UIApplicationSupportsIndirectInputEvents = YES;
				INFOPLIST_KEY_UILaunchScreen_Generation = YES;
				INFOPLIST_KEY_UISupportedInterfaceOrientations_iPad = "UIInterfaceOrientationPortrait UIInterfaceOrientationPortraitUpsideDown UIInterfaceOrientationLandscapeLeft UIInterfaceOrientationLandscapeRight";
				INFOPLIST_KEY_UISupportedInterfaceOrientations_iPhone = "UIInterfaceOrientationPortrait UIInterfaceOrientationLandscapeLeft UIInterfaceOrientationLandscapeRight";
				IPHONEOS_DEPLOYMENT_TARGET = 14;
				LD_RUNPATH_SEARCH_PATHS = (
					"$(inherited)",
					"@executable_path/Frameworks",
				);
				MARKETING_VERSION = 1.0;
				PRODUCT_BUNDLE_IDENTIFIER = com.discovery.mobile.ahcgo;
				PRODUCT_NAME = "$(TARGET_NAME)";
				SWIFT_EMIT_LOC_STRINGS = YES;
				SWIFT_VERSION = 5.0;
				TARGETED_DEVICE_FAMILY = "1,2";
			};
			name = Release;
		};
		DBA63C8C2A6E35930042DDEE /* Debug */ = {
			isa = XCBuildConfiguration;
			buildSettings = {
				ALWAYS_EMBED_SWIFT_STANDARD_LIBRARIES = YES;
				BUNDLE_LOADER = "$(TEST_HOST)";
				CODE_SIGN_STYLE = Automatic;
				CURRENT_PROJECT_VERSION = 1;
				DEVELOPMENT_TEAM = U357662C4N;
				GENERATE_INFOPLIST_FILE = YES;
				IPHONEOS_DEPLOYMENT_TARGET = 16.4;
				MARKETING_VERSION = 1.0;
				PRODUCT_BUNDLE_IDENTIFIER = WBD.iOSDemoTests;
				PRODUCT_NAME = "$(TARGET_NAME)";
				SWIFT_EMIT_LOC_STRINGS = NO;
				SWIFT_VERSION = 5.0;
				TARGETED_DEVICE_FAMILY = "1,2";
				TEST_HOST = "$(BUILT_PRODUCTS_DIR)/iOSDemo.app/$(BUNDLE_EXECUTABLE_FOLDER_PATH)/iOSDemo";
			};
			name = Debug;
		};
		DBA63C8D2A6E35930042DDEE /* Release */ = {
			isa = XCBuildConfiguration;
			buildSettings = {
				ALWAYS_EMBED_SWIFT_STANDARD_LIBRARIES = YES;
				BUNDLE_LOADER = "$(TEST_HOST)";
				CODE_SIGN_STYLE = Automatic;
				CURRENT_PROJECT_VERSION = 1;
				DEVELOPMENT_TEAM = U357662C4N;
				GENERATE_INFOPLIST_FILE = YES;
				IPHONEOS_DEPLOYMENT_TARGET = 16.4;
				MARKETING_VERSION = 1.0;
				PRODUCT_BUNDLE_IDENTIFIER = WBD.iOSDemoTests;
				PRODUCT_NAME = "$(TARGET_NAME)";
				SWIFT_EMIT_LOC_STRINGS = NO;
				SWIFT_VERSION = 5.0;
				TARGETED_DEVICE_FAMILY = "1,2";
				TEST_HOST = "$(BUILT_PRODUCTS_DIR)/iOSDemo.app/$(BUNDLE_EXECUTABLE_FOLDER_PATH)/iOSDemo";
			};
			name = Release;
		};
		DBA63C8F2A6E35930042DDEE /* Debug */ = {
			isa = XCBuildConfiguration;
			buildSettings = {
				ALWAYS_EMBED_SWIFT_STANDARD_LIBRARIES = YES;
				CODE_SIGN_STYLE = Automatic;
				CURRENT_PROJECT_VERSION = 1;
				DEVELOPMENT_TEAM = U357662C4N;
				GENERATE_INFOPLIST_FILE = YES;
				MARKETING_VERSION = 1.0;
				PRODUCT_BUNDLE_IDENTIFIER = WBD.iOSDemoUITests;
				PRODUCT_NAME = "$(TARGET_NAME)";
				SWIFT_EMIT_LOC_STRINGS = NO;
				SWIFT_VERSION = 5.0;
				TARGETED_DEVICE_FAMILY = "1,2";
				TEST_TARGET_NAME = iOSDemo;
			};
			name = Debug;
		};
		DBA63C902A6E35930042DDEE /* Release */ = {
			isa = XCBuildConfiguration;
			buildSettings = {
				ALWAYS_EMBED_SWIFT_STANDARD_LIBRARIES = YES;
				CODE_SIGN_STYLE = Automatic;
				CURRENT_PROJECT_VERSION = 1;
				DEVELOPMENT_TEAM = U357662C4N;
				GENERATE_INFOPLIST_FILE = YES;
				MARKETING_VERSION = 1.0;
				PRODUCT_BUNDLE_IDENTIFIER = WBD.iOSDemoUITests;
				PRODUCT_NAME = "$(TARGET_NAME)";
				SWIFT_EMIT_LOC_STRINGS = NO;
				SWIFT_VERSION = 5.0;
				TARGETED_DEVICE_FAMILY = "1,2";
				TEST_TARGET_NAME = iOSDemo;
			};
			name = Release;
		};
/* End XCBuildConfiguration section */

/* Begin XCConfigurationList section */
		DBA63C5F2A6E35900042DDEE /* Build configuration list for PBXProject "iOSDemo" */ = {
			isa = XCConfigurationList;
			buildConfigurations = (
				DBA63C862A6E35930042DDEE /* Debug */,
				DBA63C872A6E35930042DDEE /* Release */,
			);
			defaultConfigurationIsVisible = 0;
			defaultConfigurationName = Release;
		};
		DBA63C882A6E35930042DDEE /* Build configuration list for PBXNativeTarget "iOSDemo" */ = {
			isa = XCConfigurationList;
			buildConfigurations = (
				DBA63C892A6E35930042DDEE /* Debug */,
				DBA63C8A2A6E35930042DDEE /* Release */,
			);
			defaultConfigurationIsVisible = 0;
			defaultConfigurationName = Release;
		};
		DBA63C8B2A6E35930042DDEE /* Build configuration list for PBXNativeTarget "iOSDemoTests" */ = {
			isa = XCConfigurationList;
			buildConfigurations = (
				DBA63C8C2A6E35930042DDEE /* Debug */,
				DBA63C8D2A6E35930042DDEE /* Release */,
			);
			defaultConfigurationIsVisible = 0;
			defaultConfigurationName = Release;
		};
		DBA63C8E2A6E35930042DDEE /* Build configuration list for PBXNativeTarget "iOSDemoUITests" */ = {
			isa = XCConfigurationList;
			buildConfigurations = (
				DBA63C8F2A6E35930042DDEE /* Debug */,
				DBA63C902A6E35930042DDEE /* Release */,
			);
			defaultConfigurationIsVisible = 0;
			defaultConfigurationName = Release;
		};
/* End XCConfigurationList section */
	};
	rootObject = DBA63C5C2A6E35900042DDEE /* Project object */;
}
